PODS:
  - boost-for-react-native (1.63.0)
  - Crashlytics (3.14.0):
    - Fabric (~> 1.10.2)
  - DoubleConversion (1.1.6)
  - Fabric (1.10.2)
  - FBLazyVector (0.61.2)
  - FBReactNativeSpec (0.61.2):
    - Folly (= 2018.10.22.00)
    - RCTRequired (= 0.61.2)
    - RCTTypeSafety (= 0.61.2)
    - React-Core (= 0.61.2)
    - React-jsi (= 0.61.2)
    - ReactCommon/turbomodule/core (= 0.61.2)
  - Firebase/Core (6.17.0):
    - Firebase/CoreOnly
    - FirebaseAnalytics (= 6.2.2)
  - Firebase/CoreOnly (6.17.0):
    - FirebaseCore (= 6.6.2)
  - Firebase/Messaging (6.17.0):
    - Firebase/CoreOnly
    - FirebaseMessaging (~> 4.2.1)
  - FirebaseAnalytics (6.2.2):
    - FirebaseCore (~> 6.6)
    - FirebaseInstanceID (~> 4.3)
    - GoogleAppMeasurement (= 6.2.2)
    - GoogleUtilities/AppDelegateSwizzler (~> 6.0)
    - GoogleUtilities/MethodSwizzler (~> 6.0)
    - GoogleUtilities/Network (~> 6.0)
    - "GoogleUtilities/NSData+zlib (~> 6.0)"
    - nanopb (= 0.3.9011)
  - FirebaseAnalyticsInterop (1.5.0)
  - FirebaseCore (6.6.2):
    - FirebaseCoreDiagnostics (~> 1.2)
    - FirebaseCoreDiagnosticsInterop (~> 1.2)
    - GoogleUtilities/Environment (~> 6.5)
    - GoogleUtilities/Logger (~> 6.5)
  - FirebaseCoreDiagnostics (1.2.0):
    - FirebaseCoreDiagnosticsInterop (~> 1.2)
    - GoogleDataTransportCCTSupport (~> 1.3)
    - GoogleUtilities/Environment (~> 6.5)
    - GoogleUtilities/Logger (~> 6.5)
    - nanopb (~> 0.3.901)
  - FirebaseCoreDiagnosticsInterop (1.2.0)
  - FirebaseInstallations (1.1.0):
    - FirebaseCore (~> 6.6)
    - GoogleUtilities/UserDefaults (~> 6.5)
    - PromisesObjC (~> 1.2)
  - FirebaseInstanceID (4.3.1):
    - FirebaseCore (~> 6.6)
    - FirebaseInstallations (~> 1.0)
    - GoogleUtilities/Environment (~> 6.5)
    - GoogleUtilities/UserDefaults (~> 6.5)
  - FirebaseMessaging (4.2.1):
    - FirebaseAnalyticsInterop (~> 1.5)
    - FirebaseCore (~> 6.6)
    - FirebaseInstanceID (~> 4.3)
    - GoogleUtilities/AppDelegateSwizzler (~> 6.5)
    - GoogleUtilities/Environment (~> 6.5)
    - GoogleUtilities/Reachability (~> 6.5)
    - GoogleUtilities/UserDefaults (~> 6.5)
    - Protobuf (>= 3.9.2, ~> 3.9)
  - Folly (2018.10.22.00):
    - boost-for-react-native
    - DoubleConversion
    - Folly/Default (= 2018.10.22.00)
    - glog
  - Folly/Default (2018.10.22.00):
    - boost-for-react-native
    - DoubleConversion
    - glog
  - glog (0.3.5)
  - GoogleAppMeasurement (6.2.2):
    - GoogleUtilities/AppDelegateSwizzler (~> 6.0)
    - GoogleUtilities/MethodSwizzler (~> 6.0)
    - GoogleUtilities/Network (~> 6.0)
    - "GoogleUtilities/NSData+zlib (~> 6.0)"
    - nanopb (= 0.3.9011)
  - GoogleDataTransport (4.0.0)
  - GoogleDataTransportCCTSupport (1.4.0):
    - GoogleDataTransport (~> 4.0)
    - nanopb (~> 0.3.901)
  - GoogleUtilities/AppDelegateSwizzler (6.5.1):
    - GoogleUtilities/Environment
    - GoogleUtilities/Logger
    - GoogleUtilities/Network
  - GoogleUtilities/Environment (6.5.1)
  - GoogleUtilities/Logger (6.5.1):
    - GoogleUtilities/Environment
  - GoogleUtilities/MethodSwizzler (6.5.1):
    - GoogleUtilities/Logger
  - GoogleUtilities/Network (6.5.1):
    - GoogleUtilities/Logger
    - "GoogleUtilities/NSData+zlib"
    - GoogleUtilities/Reachability
  - "GoogleUtilities/NSData+zlib (6.5.1)"
  - GoogleUtilities/Reachability (6.5.1):
    - GoogleUtilities/Logger
  - GoogleUtilities/UserDefaults (6.5.1):
    - GoogleUtilities/Logger
  - nanopb (0.3.9011):
    - nanopb/decode (= 0.3.9011)
    - nanopb/encode (= 0.3.9011)
  - nanopb/decode (0.3.9011)
  - nanopb/encode (0.3.9011)
  - Permission-LocationWhenInUse (2.0.9):
    - RNPermissions
  - PromisesObjC (1.2.8)
  - Protobuf (3.11.3)
  - RCTRequired (0.61.2)
  - RCTTypeSafety (0.61.2):
    - FBLazyVector (= 0.61.2)
    - Folly (= 2018.10.22.00)
    - RCTRequired (= 0.61.2)
    - React-Core (= 0.61.2)
  - React (0.61.2):
    - React-Core (= 0.61.2)
    - React-Core/DevSupport (= 0.61.2)
    - React-Core/RCTWebSocket (= 0.61.2)
    - React-RCTActionSheet (= 0.61.2)
    - React-RCTAnimation (= 0.61.2)
    - React-RCTBlob (= 0.61.2)
    - React-RCTImage (= 0.61.2)
    - React-RCTLinking (= 0.61.2)
    - React-RCTNetwork (= 0.61.2)
    - React-RCTSettings (= 0.61.2)
    - React-RCTText (= 0.61.2)
    - React-RCTVibration (= 0.61.2)
  - React-Core (0.61.2):
    - Folly (= 2018.10.22.00)
    - glog
    - React-Core/Default (= 0.61.2)
    - React-cxxreact (= 0.61.2)
    - React-jsi (= 0.61.2)
    - React-jsiexecutor (= 0.61.2)
    - Yoga
  - React-Core/CoreModulesHeaders (0.61.2):
    - Folly (= 2018.10.22.00)
    - glog
    - React-Core/Default
    - React-cxxreact (= 0.61.2)
    - React-jsi (= 0.61.2)
    - React-jsiexecutor (= 0.61.2)
    - Yoga
  - React-Core/Default (0.61.2):
    - Folly (= 2018.10.22.00)
    - glog
    - React-cxxreact (= 0.61.2)
    - React-jsi (= 0.61.2)
    - React-jsiexecutor (= 0.61.2)
    - Yoga
  - React-Core/DevSupport (0.61.2):
    - Folly (= 2018.10.22.00)
    - glog
    - React-Core/Default (= 0.61.2)
    - React-Core/RCTWebSocket (= 0.61.2)
    - React-cxxreact (= 0.61.2)
    - React-jsi (= 0.61.2)
    - React-jsiexecutor (= 0.61.2)
    - React-jsinspector (= 0.61.2)
    - Yoga
  - React-Core/RCTActionSheetHeaders (0.61.2):
    - Folly (= 2018.10.22.00)
    - glog
    - React-Core/Default
    - React-cxxreact (= 0.61.2)
    - React-jsi (= 0.61.2)
    - React-jsiexecutor (= 0.61.2)
    - Yoga
  - React-Core/RCTAnimationHeaders (0.61.2):
    - Folly (= 2018.10.22.00)
    - glog
    - React-Core/Default
    - React-cxxreact (= 0.61.2)
    - React-jsi (= 0.61.2)
    - React-jsiexecutor (= 0.61.2)
    - Yoga
  - React-Core/RCTBlobHeaders (0.61.2):
    - Folly (= 2018.10.22.00)
    - glog
    - React-Core/Default
    - React-cxxreact (= 0.61.2)
    - React-jsi (= 0.61.2)
    - React-jsiexecutor (= 0.61.2)
    - Yoga
  - React-Core/RCTImageHeaders (0.61.2):
    - Folly (= 2018.10.22.00)
    - glog
    - React-Core/Default
    - React-cxxreact (= 0.61.2)
    - React-jsi (= 0.61.2)
    - React-jsiexecutor (= 0.61.2)
    - Yoga
  - React-Core/RCTLinkingHeaders (0.61.2):
    - Folly (= 2018.10.22.00)
    - glog
    - React-Core/Default
    - React-cxxreact (= 0.61.2)
    - React-jsi (= 0.61.2)
    - React-jsiexecutor (= 0.61.2)
    - Yoga
  - React-Core/RCTNetworkHeaders (0.61.2):
    - Folly (= 2018.10.22.00)
    - glog
    - React-Core/Default
    - React-cxxreact (= 0.61.2)
    - React-jsi (= 0.61.2)
    - React-jsiexecutor (= 0.61.2)
    - Yoga
  - React-Core/RCTSettingsHeaders (0.61.2):
    - Folly (= 2018.10.22.00)
    - glog
    - React-Core/Default
    - React-cxxreact (= 0.61.2)
    - React-jsi (= 0.61.2)
    - React-jsiexecutor (= 0.61.2)
    - Yoga
  - React-Core/RCTTextHeaders (0.61.2):
    - Folly (= 2018.10.22.00)
    - glog
    - React-Core/Default
    - React-cxxreact (= 0.61.2)
    - React-jsi (= 0.61.2)
    - React-jsiexecutor (= 0.61.2)
    - Yoga
  - React-Core/RCTVibrationHeaders (0.61.2):
    - Folly (= 2018.10.22.00)
    - glog
    - React-Core/Default
    - React-cxxreact (= 0.61.2)
    - React-jsi (= 0.61.2)
    - React-jsiexecutor (= 0.61.2)
    - Yoga
  - React-Core/RCTWebSocket (0.61.2):
    - Folly (= 2018.10.22.00)
    - glog
    - React-Core/Default (= 0.61.2)
    - React-cxxreact (= 0.61.2)
    - React-jsi (= 0.61.2)
    - React-jsiexecutor (= 0.61.2)
    - Yoga
  - React-CoreModules (0.61.2):
    - FBReactNativeSpec (= 0.61.2)
    - Folly (= 2018.10.22.00)
    - RCTTypeSafety (= 0.61.2)
    - React-Core/CoreModulesHeaders (= 0.61.2)
    - React-RCTImage (= 0.61.2)
    - ReactCommon/turbomodule/core (= 0.61.2)
  - React-cxxreact (0.61.2):
    - boost-for-react-native (= 1.63.0)
    - DoubleConversion
    - Folly (= 2018.10.22.00)
    - glog
    - React-jsinspector (= 0.61.2)
  - React-jsi (0.61.2):
    - boost-for-react-native (= 1.63.0)
    - DoubleConversion
    - Folly (= 2018.10.22.00)
    - glog
    - React-jsi/Default (= 0.61.2)
  - React-jsi/Default (0.61.2):
    - boost-for-react-native (= 1.63.0)
    - DoubleConversion
    - Folly (= 2018.10.22.00)
    - glog
  - React-jsiexecutor (0.61.2):
    - DoubleConversion
    - Folly (= 2018.10.22.00)
    - glog
    - React-cxxreact (= 0.61.2)
    - React-jsi (= 0.61.2)
  - React-jsinspector (0.61.2)
  - react-native-geolocation (2.0.2):
    - React
  - react-native-maps (0.26.1):
    - React
  - react-native-netinfo (4.6.1):
    - React
  - react-native-webview (7.5.1):
    - React
  - React-RCTActionSheet (0.61.2):
    - React-Core/RCTActionSheetHeaders (= 0.61.2)
  - React-RCTAnimation (0.61.2):
    - React-Core/RCTAnimationHeaders (= 0.61.2)
  - React-RCTBlob (0.61.2):
    - React-Core/RCTBlobHeaders (= 0.61.2)
    - React-Core/RCTWebSocket (= 0.61.2)
    - React-jsi (= 0.61.2)
    - React-RCTNetwork (= 0.61.2)
  - React-RCTImage (0.61.2):
    - React-Core/RCTImageHeaders (= 0.61.2)
    - React-RCTNetwork (= 0.61.2)
  - React-RCTLinking (0.61.2):
    - React-Core/RCTLinkingHeaders (= 0.61.2)
  - React-RCTNetwork (0.61.2):
    - React-Core/RCTNetworkHeaders (= 0.61.2)
  - React-RCTSettings (0.61.2):
    - React-Core/RCTSettingsHeaders (= 0.61.2)
  - React-RCTText (0.61.2):
    - React-Core/RCTTextHeaders (= 0.61.2)
  - React-RCTVibration (0.61.2):
    - React-Core/RCTVibrationHeaders (= 0.61.2)
  - ReactCommon/jscallinvoker (0.61.2):
    - DoubleConversion
    - Folly (= 2018.10.22.00)
    - glog
    - React-cxxreact (= 0.61.2)
  - ReactCommon/turbomodule/core (0.61.2):
    - DoubleConversion
    - Folly (= 2018.10.22.00)
    - glog
    - React-Core (= 0.61.2)
    - React-cxxreact (= 0.61.2)
    - React-jsi (= 0.61.2)
    - ReactCommon/jscallinvoker (= 0.61.2)
  - RNCAsyncStorage (1.6.2):
    - React
  - RNCPushNotificationIOS (1.0.3):
    - React
  - RNDateTimePicker (2.1.0):
    - React
  - RNDeviceInfo (5.2.1):
    - React
  - RNFirebase (5.6.0):
    - Firebase/Core
    - React
    - RNFirebase/Crashlytics (= 5.6.0)
  - RNFirebase/Crashlytics (5.6.0):
    - Crashlytics
    - Fabric
    - Firebase/Core
    - React
  - RNGestureHandler (1.4.1):
    - React
  - RNPermissions (2.0.9):
    - React
  - RNReanimated (1.3.0):
    - React
  - RNScreens (2.0.0-alpha.4):
    - React
  - Yoga (1.14.0)

DEPENDENCIES:
  - DoubleConversion (from `../node_modules/react-native/third-party-podspecs/DoubleConversion.podspec`)
  - FBLazyVector (from `../node_modules/react-native/Libraries/FBLazyVector`)
  - FBReactNativeSpec (from `../node_modules/react-native/Libraries/FBReactNativeSpec`)
  - Firebase/Messaging
  - Folly (from `../node_modules/react-native/third-party-podspecs/Folly.podspec`)
  - glog (from `../node_modules/react-native/third-party-podspecs/glog.podspec`)
  - Permission-LocationWhenInUse (from `../node_modules/react-native-permissions/ios/LocationWhenInUse.podspec`)
  - RCTRequired (from `../node_modules/react-native/Libraries/RCTRequired`)
  - RCTTypeSafety (from `../node_modules/react-native/Libraries/TypeSafety`)
  - React (from `../node_modules/react-native/`)
  - React-Core (from `../node_modules/react-native/`)
  - React-Core/DevSupport (from `../node_modules/react-native/`)
  - React-Core/RCTWebSocket (from `../node_modules/react-native/`)
  - React-CoreModules (from `../node_modules/react-native/React/CoreModules`)
  - React-cxxreact (from `../node_modules/react-native/ReactCommon/cxxreact`)
  - React-jsi (from `../node_modules/react-native/ReactCommon/jsi`)
  - React-jsiexecutor (from `../node_modules/react-native/ReactCommon/jsiexecutor`)
  - React-jsinspector (from `../node_modules/react-native/ReactCommon/jsinspector`)
  - "react-native-geolocation (from `../node_modules/@react-native-community/geolocation`)"
  - react-native-maps (from `../node_modules/react-native-maps`)
  - "react-native-netinfo (from `../node_modules/@react-native-community/netinfo`)"
  - react-native-webview (from `../node_modules/react-native-webview`)
  - React-RCTActionSheet (from `../node_modules/react-native/Libraries/ActionSheetIOS`)
  - React-RCTAnimation (from `../node_modules/react-native/Libraries/NativeAnimation`)
  - React-RCTBlob (from `../node_modules/react-native/Libraries/Blob`)
  - React-RCTImage (from `../node_modules/react-native/Libraries/Image`)
  - React-RCTLinking (from `../node_modules/react-native/Libraries/LinkingIOS`)
  - React-RCTNetwork (from `../node_modules/react-native/Libraries/Network`)
  - React-RCTSettings (from `../node_modules/react-native/Libraries/Settings`)
  - React-RCTText (from `../node_modules/react-native/Libraries/Text`)
  - React-RCTVibration (from `../node_modules/react-native/Libraries/Vibration`)
  - ReactCommon/jscallinvoker (from `../node_modules/react-native/ReactCommon`)
  - ReactCommon/turbomodule/core (from `../node_modules/react-native/ReactCommon`)
  - "RNCAsyncStorage (from `../node_modules/@react-native-community/async-storage`)"
  - "RNCPushNotificationIOS (from `../node_modules/@react-native-community/push-notification-ios`)"
  - "RNDateTimePicker (from `../node_modules/@react-native-community/datetimepicker`)"
  - RNDeviceInfo (from `../node_modules/react-native-device-info`)
  - RNFirebase (from `../node_modules/react-native-firebase/ios`)
  - RNGestureHandler (from `../node_modules/react-native-gesture-handler`)
  - RNPermissions (from `../node_modules/react-native-permissions`)
  - RNReanimated (from `../node_modules/react-native-reanimated`)
  - RNScreens (from `../node_modules/react-native-screens`)
  - Yoga (from `../node_modules/react-native/ReactCommon/yoga`)

SPEC REPOS:
  trunk:
    - boost-for-react-native
    - Crashlytics
    - Fabric
    - Firebase
    - FirebaseAnalytics
    - FirebaseAnalyticsInterop
    - FirebaseCore
    - FirebaseCoreDiagnostics
    - FirebaseCoreDiagnosticsInterop
    - FirebaseInstallations
    - FirebaseInstanceID
    - FirebaseMessaging
    - GoogleAppMeasurement
    - GoogleDataTransport
    - GoogleDataTransportCCTSupport
    - GoogleUtilities
    - nanopb
    - PromisesObjC
    - Protobuf

EXTERNAL SOURCES:
  DoubleConversion:
    :podspec: "../node_modules/react-native/third-party-podspecs/DoubleConversion.podspec"
  FBLazyVector:
    :path: "../node_modules/react-native/Libraries/FBLazyVector"
  FBReactNativeSpec:
    :path: "../node_modules/react-native/Libraries/FBReactNativeSpec"
  Folly:
    :podspec: "../node_modules/react-native/third-party-podspecs/Folly.podspec"
  glog:
    :podspec: "../node_modules/react-native/third-party-podspecs/glog.podspec"
  Permission-LocationWhenInUse:
    :path: "../node_modules/react-native-permissions/ios/LocationWhenInUse.podspec"
  RCTRequired:
    :path: "../node_modules/react-native/Libraries/RCTRequired"
  RCTTypeSafety:
    :path: "../node_modules/react-native/Libraries/TypeSafety"
  React:
    :path: "../node_modules/react-native/"
  React-Core:
    :path: "../node_modules/react-native/"
  React-CoreModules:
    :path: "../node_modules/react-native/React/CoreModules"
  React-cxxreact:
    :path: "../node_modules/react-native/ReactCommon/cxxreact"
  React-jsi:
    :path: "../node_modules/react-native/ReactCommon/jsi"
  React-jsiexecutor:
    :path: "../node_modules/react-native/ReactCommon/jsiexecutor"
  React-jsinspector:
    :path: "../node_modules/react-native/ReactCommon/jsinspector"
  react-native-geolocation:
    :path: "../node_modules/@react-native-community/geolocation"
  react-native-maps:
    :path: "../node_modules/react-native-maps"
  react-native-netinfo:
    :path: "../node_modules/@react-native-community/netinfo"
  react-native-webview:
    :path: "../node_modules/react-native-webview"
  React-RCTActionSheet:
    :path: "../node_modules/react-native/Libraries/ActionSheetIOS"
  React-RCTAnimation:
    :path: "../node_modules/react-native/Libraries/NativeAnimation"
  React-RCTBlob:
    :path: "../node_modules/react-native/Libraries/Blob"
  React-RCTImage:
    :path: "../node_modules/react-native/Libraries/Image"
  React-RCTLinking:
    :path: "../node_modules/react-native/Libraries/LinkingIOS"
  React-RCTNetwork:
    :path: "../node_modules/react-native/Libraries/Network"
  React-RCTSettings:
    :path: "../node_modules/react-native/Libraries/Settings"
  React-RCTText:
    :path: "../node_modules/react-native/Libraries/Text"
  React-RCTVibration:
    :path: "../node_modules/react-native/Libraries/Vibration"
  ReactCommon:
    :path: "../node_modules/react-native/ReactCommon"
  RNCAsyncStorage:
    :path: "../node_modules/@react-native-community/async-storage"
  RNCPushNotificationIOS:
    :path: "../node_modules/@react-native-community/push-notification-ios"
  RNDateTimePicker:
    :path: "../node_modules/@react-native-community/datetimepicker"
  RNDeviceInfo:
    :path: "../node_modules/react-native-device-info"
  RNFirebase:
    :path: "../node_modules/react-native-firebase/ios"
  RNGestureHandler:
    :path: "../node_modules/react-native-gesture-handler"
  RNPermissions:
    :path: "../node_modules/react-native-permissions"
  RNReanimated:
    :path: "../node_modules/react-native-reanimated"
  RNScreens:
    :path: "../node_modules/react-native-screens"
  Yoga:
    :path: "../node_modules/react-native/ReactCommon/yoga"

SPEC CHECKSUMS:
  boost-for-react-native: 39c7adb57c4e60d6c5479dd8623128eb5b3f0f2c
  Crashlytics: 540b7e5f5da5a042647227a5e3ac51d85eed06df
  DoubleConversion: 5805e889d232975c086db112ece9ed034df7a0b2
  Fabric: 706c8b8098fff96c33c0db69cbf81f9c551d0d74
  FBLazyVector: 68b6a76960fbd8ecd9fb7ce0aadd3329c3340a99
  FBReactNativeSpec: 5a764c60abdc3336a213e5310c40b74741f32839
  Firebase: 2672e5636b42f977177716317e68346ae5e9de25
  FirebaseAnalytics: cf95d3aab897612783020fbd98401d5366f135ee
  FirebaseAnalyticsInterop: 3f86269c38ae41f47afeb43ebf32a001f58fcdae
  FirebaseCore: a1dd9dd6355a8356dd30a8f076839e242285a81c
  FirebaseCoreDiagnostics: 5e78803ab276bc5b50340e3c539c06c3de35c649
  FirebaseCoreDiagnosticsInterop: 296e2c5f5314500a850ad0b83e9e7c10b011a850
  FirebaseInstallations: 575cd32f2aec0feeb0e44f5d0110a09e5e60b47b
  FirebaseInstanceID: 031d7d0c8e7b5c030bbeb4d2a690550375e83fec
  FirebaseMessaging: 9e23f9d603b1fb71ccbeb48d79bf0d4ba0272c84
  Folly: 30e7936e1c45c08d884aa59369ed951a8e68cf51
  glog: 1f3da668190260b06b429bb211bfbee5cd790c28
  GoogleAppMeasurement: d0560d915abf15e692e8538ba1d58442217b6aff
  GoogleDataTransport: 47fe3b8e1673e5187dfd615656a3c5034f150d69
  GoogleDataTransportCCTSupport: 36f69887fd212db6d7ef4dd45ba44523717a434e
  GoogleUtilities: 06eb53bb579efe7099152735900dd04bf09e7275
  nanopb: 18003b5e52dab79db540fe93fe9579f399bd1ccd
  Permission-LocationWhenInUse: f5dd8f5c9a0412db5eddd299ae208d6268b595b1
  PromisesObjC: c119f3cd559f50b7ae681fa59dc1acd19173b7e6
  Protobuf: 0e94afe3b47cb11876eb6aee296638711a24bf75
  RCTRequired: c639d59ed389cfb1f1203f65c2ea946d8ec586e2
  RCTTypeSafety: dc23fb655d6c77667c78e327bf661bc11e3b8aec
  React: 7e586e5d7bec12b91c1a096826b0fc9ab1da7865
  React-Core: 8ddb9770b4a30a6ab4a754e6ed5ec76454e3d699
  React-CoreModules: b3d9eece8ad7df36c917a41f05c1168c52fe0b34
  React-cxxreact: 1f972757c0bd08d962ef78068e06613c27489a3f
  React-jsi: 32285a21b1b24c36060493ed3057a34677d58d09
  React-jsiexecutor: 8909917ff7d8f21a57e443a866fd8d4560e50c65
  React-jsinspector: 111d7d342b07a904c400592e02a2b958f1098b60
  react-native-geolocation: cbd9d6bd06bac411eed2671810f454d4908484a8
  react-native-maps: 6e499eee4eabf422ba8b6f94e993cc768bf35153
  react-native-netinfo: 16c6408c311572f17f9ffc3fa12614489307b6cf
  react-native-webview: b7ad1323338cb52e370bb07d6141308953ff2440
  React-RCTActionSheet: 89b037c0fb7d2671607cb645760164e7e0c013f6
  React-RCTAnimation: e3cefa93c38c004c318f7ec04b883eb14b8b8235
  React-RCTBlob: d26ac0e313fbf14e7203473fd593ccaaeee8329e
  React-RCTImage: 4bdd9588783fa9e48ef669ccd4f747224e208edf
  React-RCTLinking: 65f0088ff463babd3d5d567964a65b74141eff3b
  React-RCTNetwork: 0c1a73576c1cfeafe68396556de1b17d93c0c595
  React-RCTSettings: 4194f1f0edbddf3fd44d1714dc6578bb20379b60
  React-RCTText: e3ef6191cdb627855ff7fe8fa0c1e14094967fb8
  React-RCTVibration: fb54c732fd20405a76598e431aa2f8c2bf527de9
  ReactCommon: 5848032ed2f274fcb40f6b9ec24067787c42d479
  RNCAsyncStorage: 5ae4d57458804e99f73d427214442a6b10a53856
  RNCPushNotificationIOS: 5403d137a49c55f0dc2273be8473873e934359cd
  RNDateTimePicker: 68e542a59ff1b73563744145bfc45c2b88a3deea
  RNDeviceInfo: 223aea06c561ce99ae2045b621882bd7b7db1e59
  RNFirebase: 37daa9a346d070f9f6ee1f3b4aaf4c8e3b1d5d1c
  RNGestureHandler: 4cb47a93019c1a201df2644413a0a1569a51c8aa
  RNPermissions: 6db7e0a4d94c9c02390d11020b1d3d187aaf77e5
  RNReanimated: 6abbbae2e5e72609d85aabd92a982a94566885f1
  RNScreens: 84be1a2369a580beb2fea0755cc62ef16b83fffe
  Yoga: 14927e37bd25376d216b150ab2a561773d57911f

PODFILE CHECKSUM: 958cdeeb8334cd57181ee6bec2da54aa5b2dd199

COCOAPODS: 1.8.4
